// !$*UTF8*$!
{
	archiveVersion = 1;
	classes = {
	};
	objectVersion = 56;
	objects = {

/* Begin PBXBuildFile section */
		5228400229BEB60900756001 /* AppDelegate.swift in Sources */ = {isa = PBXBuildFile; fileRef = 5228400129BEB60900756001 /* AppDelegate.swift */; };
		5228400629BEB60900756001 /* CityListViewController.swift in Sources */ = {isa = PBXBuildFile; fileRef = 5228400529BEB60900756001 /* CityListViewController.swift */; };
		5228400929BEB60900756001 /* Main.storyboard in Resources */ = {isa = PBXBuildFile; fileRef = 5228400729BEB60900756001 /* Main.storyboard */; };
		5228400B29BEB60D00756001 /* Assets.xcassets in Resources */ = {isa = PBXBuildFile; fileRef = 5228400A29BEB60D00756001 /* Assets.xcassets */; };
		5228400E29BEB60D00756001 /* LaunchScreen.storyboard in Resources */ = {isa = PBXBuildFile; fileRef = 5228400C29BEB60D00756001 /* LaunchScreen.storyboard */; };
		5228401929BEB60D00756001 /* OpenWeatherTests.swift in Sources */ = {isa = PBXBuildFile; fileRef = 5228401829BEB60D00756001 /* OpenWeatherTests.swift */; };
		5228402329BEB60E00756001 /* OpenWeatherUITests.swift in Sources */ = {isa = PBXBuildFile; fileRef = 5228402229BEB60E00756001 /* OpenWeatherUITests.swift */; };
		5228402529BEB60E00756001 /* OpenWeatherUITestsLaunchTests.swift in Sources */ = {isa = PBXBuildFile; fileRef = 5228402429BEB60E00756001 /* OpenWeatherUITestsLaunchTests.swift */; };
		5228408229BEB85800756001 /* SceneDelegate.swift in Sources */ = {isa = PBXBuildFile; fileRef = 5228408129BEB85800756001 /* SceneDelegate.swift */; };
		522840DC29BEBE4000756001 /* OpenWeatherAPIs.framework in Frameworks */ = {isa = PBXBuildFile; fileRef = 522840D829BEBD5000756001 /* OpenWeatherAPIs.framework */; };
		522840DD29BEBE4000756001 /* OpenWeatherAPIs.framework in Embed Frameworks */ = {isa = PBXBuildFile; fileRef = 522840D829BEBD5000756001 /* OpenWeatherAPIs.framework */; settings = {ATTRIBUTES = (CodeSignOnCopy, RemoveHeadersOnCopy, ); }; };
		522840E129BF1CF000756001 /* Contsants.swift in Sources */ = {isa = PBXBuildFile; fileRef = 522840E029BF1CF000756001 /* Contsants.swift */; };
		522840E529BF251100756001 /* CityListViewModel.swift in Sources */ = {isa = PBXBuildFile; fileRef = 522840E429BF251100756001 /* CityListViewModel.swift */; };
		522840E729BF252C00756001 /* City.swift in Sources */ = {isa = PBXBuildFile; fileRef = 522840E629BF252C00756001 /* City.swift */; };
		522840E929BF263D00756001 /* Weather.swift in Sources */ = {isa = PBXBuildFile; fileRef = 522840E829BF263C00756001 /* Weather.swift */; };
		522840EB29BF2A0A00756001 /* Variables.swift in Sources */ = {isa = PBXBuildFile; fileRef = 522840EA29BF2A0A00756001 /* Variables.swift */; };
		522840ED29BF2C1000756001 /* CityCollectionViewCell.swift in Sources */ = {isa = PBXBuildFile; fileRef = 522840EC29BF2C1000756001 /* CityCollectionViewCell.swift */; };
		527DAC8B29BF5F32000A36B1 /* Extensions.swift in Sources */ = {isa = PBXBuildFile; fileRef = 527DAC8A29BF5F32000A36B1 /* Extensions.swift */; };
/* End PBXBuildFile section */

/* Begin PBXContainerItemProxy section */
		5228401529BEB60D00756001 /* PBXContainerItemProxy */ = {
			isa = PBXContainerItemProxy;
			containerPortal = 52283FF629BEB60900756001 /* Project object */;
			proxyType = 1;
			remoteGlobalIDString = 52283FFD29BEB60900756001;
			remoteInfo = OpenWeather;
		};
		5228401F29BEB60E00756001 /* PBXContainerItemProxy */ = {
			isa = PBXContainerItemProxy;
			containerPortal = 52283FF629BEB60900756001 /* Project object */;
			proxyType = 1;
			remoteGlobalIDString = 52283FFD29BEB60900756001;
			remoteInfo = OpenWeather;
		};
		522840D729BEBD5000756001 /* PBXContainerItemProxy */ = {
			isa = PBXContainerItemProxy;
			containerPortal = 522840D229BEBD5000756001 /* OpenWeatherAPIs.xcodeproj */;
			proxyType = 2;
			remoteGlobalIDString = 522840B629BEBBC800756001;
			remoteInfo = OpenWeatherAPIs;
		};
		522840D929BEBD5000756001 /* PBXContainerItemProxy */ = {
			isa = PBXContainerItemProxy;
			containerPortal = 522840D229BEBD5000756001 /* OpenWeatherAPIs.xcodeproj */;
			proxyType = 2;
			remoteGlobalIDString = 522840C029BEBBC900756001;
			remoteInfo = OpenWeatherAPIsTests;
		};
/* End PBXContainerItemProxy section */

/* Begin PBXCopyFilesBuildPhase section */
		522840DE29BEBE4000756001 /* Embed Frameworks */ = {
			isa = PBXCopyFilesBuildPhase;
			buildActionMask = 2147483647;
			dstPath = "";
			dstSubfolderSpec = 10;
			files = (
				522840DD29BEBE4000756001 /* OpenWeatherAPIs.framework in Embed Frameworks */,
			);
			name = "Embed Frameworks";
			runOnlyForDeploymentPostprocessing = 0;
		};
/* End PBXCopyFilesBuildPhase section */

/* Begin PBXFileReference section */
		52283FFE29BEB60900756001 /* OpenWeather.app */ = {isa = PBXFileReference; explicitFileType = wrapper.application; includeInIndex = 0; path = OpenWeather.app; sourceTree = BUILT_PRODUCTS_DIR; };
		5228400129BEB60900756001 /* AppDelegate.swift */ = {isa = PBXFileReference; lastKnownFileType = sourcecode.swift; path = AppDelegate.swift; sourceTree = "<group>"; };
		5228400529BEB60900756001 /* CityListViewController.swift */ = {isa = PBXFileReference; lastKnownFileType = sourcecode.swift; path = CityListViewController.swift; sourceTree = "<group>"; };
		5228400829BEB60900756001 /* Base */ = {isa = PBXFileReference; lastKnownFileType = file.storyboard; name = Base; path = Base.lproj/Main.storyboard; sourceTree = "<group>"; };
		5228400A29BEB60D00756001 /* Assets.xcassets */ = {isa = PBXFileReference; lastKnownFileType = folder.assetcatalog; path = Assets.xcassets; sourceTree = "<group>"; };
		5228400D29BEB60D00756001 /* Base */ = {isa = PBXFileReference; lastKnownFileType = file.storyboard; name = Base; path = Base.lproj/LaunchScreen.storyboard; sourceTree = "<group>"; };
		5228400F29BEB60D00756001 /* Info.plist */ = {isa = PBXFileReference; lastKnownFileType = text.plist.xml; path = Info.plist; sourceTree = "<group>"; };
		5228401429BEB60D00756001 /* OpenWeatherTests.xctest */ = {isa = PBXFileReference; explicitFileType = wrapper.cfbundle; includeInIndex = 0; path = OpenWeatherTests.xctest; sourceTree = BUILT_PRODUCTS_DIR; };
		5228401829BEB60D00756001 /* OpenWeatherTests.swift */ = {isa = PBXFileReference; lastKnownFileType = sourcecode.swift; path = OpenWeatherTests.swift; sourceTree = "<group>"; };
		5228401E29BEB60E00756001 /* OpenWeatherUITests.xctest */ = {isa = PBXFileReference; explicitFileType = wrapper.cfbundle; includeInIndex = 0; path = OpenWeatherUITests.xctest; sourceTree = BUILT_PRODUCTS_DIR; };
		5228402229BEB60E00756001 /* OpenWeatherUITests.swift */ = {isa = PBXFileReference; lastKnownFileType = sourcecode.swift; path = OpenWeatherUITests.swift; sourceTree = "<group>"; };
		5228402429BEB60E00756001 /* OpenWeatherUITestsLaunchTests.swift */ = {isa = PBXFileReference; lastKnownFileType = sourcecode.swift; path = OpenWeatherUITestsLaunchTests.swift; sourceTree = "<group>"; };
		5228408129BEB85800756001 /* SceneDelegate.swift */ = {isa = PBXFileReference; lastKnownFileType = sourcecode.swift; path = SceneDelegate.swift; sourceTree = "<group>"; };
		522840D229BEBD5000756001 /* OpenWeatherAPIs.xcodeproj */ = {isa = PBXFileReference; lastKnownFileType = "wrapper.pb-project"; name = OpenWeatherAPIs.xcodeproj; path = ../../OpenWeather_framework/OpenWeatherAPIs.xcodeproj; sourceTree = "<group>"; };
		522840E029BF1CF000756001 /* Contsants.swift */ = {isa = PBXFileReference; lastKnownFileType = sourcecode.swift; path = Contsants.swift; sourceTree = "<group>"; };
		522840E429BF251100756001 /* CityListViewModel.swift */ = {isa = PBXFileReference; lastKnownFileType = sourcecode.swift; path = CityListViewModel.swift; sourceTree = "<group>"; };
		522840E629BF252C00756001 /* City.swift */ = {isa = PBXFileReference; lastKnownFileType = sourcecode.swift; path = City.swift; sourceTree = "<group>"; };
		522840E829BF263C00756001 /* Weather.swift */ = {isa = PBXFileReference; lastKnownFileType = sourcecode.swift; path = Weather.swift; sourceTree = "<group>"; };
		522840EA29BF2A0A00756001 /* Variables.swift */ = {isa = PBXFileReference; lastKnownFileType = sourcecode.swift; path = Variables.swift; sourceTree = "<group>"; };
		522840EC29BF2C1000756001 /* CityCollectionViewCell.swift */ = {isa = PBXFileReference; lastKnownFileType = sourcecode.swift; path = CityCollectionViewCell.swift; sourceTree = "<group>"; };
		527DAC8A29BF5F32000A36B1 /* Extensions.swift */ = {isa = PBXFileReference; lastKnownFileType = sourcecode.swift; path = Extensions.swift; sourceTree = "<group>"; };
/* End PBXFileReference section */

/* Begin PBXFrameworksBuildPhase section */
		52283FFB29BEB60900756001 /* Frameworks */ = {
			isa = PBXFrameworksBuildPhase;
			buildActionMask = 2147483647;
			files = (
				522840DC29BEBE4000756001 /* OpenWeatherAPIs.framework in Frameworks */,
			);
			runOnlyForDeploymentPostprocessing = 0;
		};
		5228401129BEB60D00756001 /* Frameworks */ = {
			isa = PBXFrameworksBuildPhase;
			buildActionMask = 2147483647;
			files = (
			);
			runOnlyForDeploymentPostprocessing = 0;
		};
		5228401B29BEB60E00756001 /* Frameworks */ = {
			isa = PBXFrameworksBuildPhase;
			buildActionMask = 2147483647;
			files = (
			);
			runOnlyForDeploymentPostprocessing = 0;
		};
/* End PBXFrameworksBuildPhase section */

/* Begin PBXGroup section */
		52283FF529BEB60900756001 = {
			isa = PBXGroup;
			children = (
				5228400029BEB60900756001 /* OpenWeather */,
				5228401729BEB60D00756001 /* OpenWeatherTests */,
				5228402129BEB60E00756001 /* OpenWeatherUITests */,
				52283FFF29BEB60900756001 /* Products */,
				522840DB29BEBE4000756001 /* Frameworks */,
			);
			sourceTree = "<group>";
		};
		52283FFF29BEB60900756001 /* Products */ = {
			isa = PBXGroup;
			children = (
				52283FFE29BEB60900756001 /* OpenWeather.app */,
				5228401429BEB60D00756001 /* OpenWeatherTests.xctest */,
				5228401E29BEB60E00756001 /* OpenWeatherUITests.xctest */,
			);
			name = Products;
			sourceTree = "<group>";
		};
		5228400029BEB60900756001 /* OpenWeather */ = {
			isa = PBXGroup;
			children = (
				522840D229BEBD5000756001 /* OpenWeatherAPIs.xcodeproj */,
				5228408729BEB8D200756001 /* Global */,
				5228408629BEB8C800756001 /* Shared */,
				5228408529BEB8B800756001 /* ViewModel */,
				5228408429BEB8A700756001 /* View */,
				5228408329BEB89B00756001 /* Model */,
				5228400F29BEB60D00756001 /* Info.plist */,
			);
			path = OpenWeather;
			sourceTree = "<group>";
		};
		5228401729BEB60D00756001 /* OpenWeatherTests */ = {
			isa = PBXGroup;
			children = (
				5228401829BEB60D00756001 /* OpenWeatherTests.swift */,
			);
			path = OpenWeatherTests;
			sourceTree = "<group>";
		};
		5228402129BEB60E00756001 /* OpenWeatherUITests */ = {
			isa = PBXGroup;
			children = (
				5228402229BEB60E00756001 /* OpenWeatherUITests.swift */,
				5228402429BEB60E00756001 /* OpenWeatherUITestsLaunchTests.swift */,
			);
			path = OpenWeatherUITests;
			sourceTree = "<group>";
		};
		5228408329BEB89B00756001 /* Model */ = {
			isa = PBXGroup;
			children = (
				522840E629BF252C00756001 /* City.swift */,
				522840E829BF263C00756001 /* Weather.swift */,
			);
			path = Model;
			sourceTree = "<group>";
		};
		5228408429BEB8A700756001 /* View */ = {
			isa = PBXGroup;
			children = (
				5228400529BEB60900756001 /* CityListViewController.swift */,
				522840EC29BF2C1000756001 /* CityCollectionViewCell.swift */,
				5228400729BEB60900756001 /* Main.storyboard */,
				5228400C29BEB60D00756001 /* LaunchScreen.storyboard */,
			);
			path = View;
			sourceTree = "<group>";
		};
		5228408529BEB8B800756001 /* ViewModel */ = {
			isa = PBXGroup;
			children = (
				522840E429BF251100756001 /* CityListViewModel.swift */,
			);
			path = ViewModel;
			sourceTree = "<group>";
		};
		5228408629BEB8C800756001 /* Shared */ = {
			isa = PBXGroup;
			children = (
				522840E029BF1CF000756001 /* Contsants.swift */,
				522840EA29BF2A0A00756001 /* Variables.swift */,
				527DAC8A29BF5F32000A36B1 /* Extensions.swift */,
			);
			path = Shared;
			sourceTree = "<group>";
		};
		5228408729BEB8D200756001 /* Global */ = {
			isa = PBXGroup;
			children = (
				5228400129BEB60900756001 /* AppDelegate.swift */,
				5228408129BEB85800756001 /* SceneDelegate.swift */,
				5228400A29BEB60D00756001 /* Assets.xcassets */,
			);
			path = Global;
			sourceTree = "<group>";
		};
		522840D329BEBD5000756001 /* Products */ = {
			isa = PBXGroup;
			children = (
				522840D829BEBD5000756001 /* OpenWeatherAPIs.framework */,
				522840DA29BEBD5000756001 /* OpenWeatherAPIsTests.xctest */,
			);
			name = Products;
			sourceTree = "<group>";
		};
		522840DB29BEBE4000756001 /* Frameworks */ = {
			isa = PBXGroup;
			children = (
			);
			name = Frameworks;
			sourceTree = "<group>";
		};
/* End PBXGroup section */

/* Begin PBXNativeTarget section */
		52283FFD29BEB60900756001 /* OpenWeather */ = {
			isa = PBXNativeTarget;
			buildConfigurationList = 5228402829BEB60E00756001 /* Build configuration list for PBXNativeTarget "OpenWeather" */;
			buildPhases = (
				52283FFA29BEB60900756001 /* Sources */,
				52283FFB29BEB60900756001 /* Frameworks */,
				52283FFC29BEB60900756001 /* Resources */,
				522840DE29BEBE4000756001 /* Embed Frameworks */,
			);
			buildRules = (
			);
			dependencies = (
			);
			name = OpenWeather;
			productName = OpenWeather;
			productReference = 52283FFE29BEB60900756001 /* OpenWeather.app */;
			productType = "com.apple.product-type.application";
		};
		5228401329BEB60D00756001 /* OpenWeatherTests */ = {
			isa = PBXNativeTarget;
			buildConfigurationList = 5228402B29BEB60E00756001 /* Build configuration list for PBXNativeTarget "OpenWeatherTests" */;
			buildPhases = (
				5228401029BEB60D00756001 /* Sources */,
				5228401129BEB60D00756001 /* Frameworks */,
				5228401229BEB60D00756001 /* Resources */,
			);
			buildRules = (
			);
			dependencies = (
				5228401629BEB60D00756001 /* PBXTargetDependency */,
			);
			name = OpenWeatherTests;
			productName = OpenWeatherTests;
			productReference = 5228401429BEB60D00756001 /* OpenWeatherTests.xctest */;
			productType = "com.apple.product-type.bundle.unit-test";
		};
		5228401D29BEB60E00756001 /* OpenWeatherUITests */ = {
			isa = PBXNativeTarget;
			buildConfigurationList = 5228402E29BEB60E00756001 /* Build configuration list for PBXNativeTarget "OpenWeatherUITests" */;
			buildPhases = (
				5228401A29BEB60E00756001 /* Sources */,
				5228401B29BEB60E00756001 /* Frameworks */,
				5228401C29BEB60E00756001 /* Resources */,
			);
			buildRules = (
			);
			dependencies = (
				5228402029BEB60E00756001 /* PBXTargetDependency */,
			);
			name = OpenWeatherUITests;
			productName = OpenWeatherUITests;
			productReference = 5228401E29BEB60E00756001 /* OpenWeatherUITests.xctest */;
			productType = "com.apple.product-type.bundle.ui-testing";
		};
/* End PBXNativeTarget section */

/* Begin PBXProject section */
		52283FF629BEB60900756001 /* Project object */ = {
			isa = PBXProject;
			attributes = {
				BuildIndependentTargetsInParallel = 1;
				LastSwiftUpdateCheck = 1420;
				LastUpgradeCheck = 1420;
				TargetAttributes = {
					52283FFD29BEB60900756001 = {
						CreatedOnToolsVersion = 14.2;
					};
					5228401329BEB60D00756001 = {
						CreatedOnToolsVersion = 14.2;
						TestTargetID = 52283FFD29BEB60900756001;
					};
					5228401D29BEB60E00756001 = {
						CreatedOnToolsVersion = 14.2;
						TestTargetID = 52283FFD29BEB60900756001;
					};
				};
			};
			buildConfigurationList = 52283FF929BEB60900756001 /* Build configuration list for PBXProject "OpenWeather" */;
			compatibilityVersion = "Xcode 14.0";
			developmentRegion = en;
			hasScannedForEncodings = 0;
			knownRegions = (
				en,
				Base,
			);
			mainGroup = 52283FF529BEB60900756001;
			productRefGroup = 52283FFF29BEB60900756001 /* Products */;
			projectDirPath = "";
			projectReferences = (
				{
					ProductGroup = 522840D329BEBD5000756001 /* Products */;
					ProjectRef = 522840D229BEBD5000756001 /* OpenWeatherAPIs.xcodeproj */;
				},
			);
			projectRoot = "";
			targets = (
				52283FFD29BEB60900756001 /* OpenWeather */,
				5228401329BEB60D00756001 /* OpenWeatherTests */,
				5228401D29BEB60E00756001 /* OpenWeatherUITests */,
			);
		};
/* End PBXProject section */

/* Begin PBXReferenceProxy section */
		522840D829BEBD5000756001 /* OpenWeatherAPIs.framework */ = {
			isa = PBXReferenceProxy;
			fileType = wrapper.framework;
			path = OpenWeatherAPIs.framework;
			remoteRef = 522840D729BEBD5000756001 /* PBXContainerItemProxy */;
			sourceTree = BUILT_PRODUCTS_DIR;
		};
		522840DA29BEBD5000756001 /* OpenWeatherAPIsTests.xctest */ = {
			isa = PBXReferenceProxy;
			fileType = wrapper.cfbundle;
			path = OpenWeatherAPIsTests.xctest;
			remoteRef = 522840D929BEBD5000756001 /* PBXContainerItemProxy */;
			sourceTree = BUILT_PRODUCTS_DIR;
		};
/* End PBXReferenceProxy section */

/* Begin PBXResourcesBuildPhase section */
		52283FFC29BEB60900756001 /* Resources */ = {
			isa = PBXResourcesBuildPhase;
			buildActionMask = 2147483647;
			files = (
				5228400E29BEB60D00756001 /* LaunchScreen.storyboard in Resources */,
				5228400B29BEB60D00756001 /* Assets.xcassets in Resources */,
				5228400929BEB60900756001 /* Main.storyboard in Resources */,
			);
			runOnlyForDeploymentPostprocessing = 0;
		};
		5228401229BEB60D00756001 /* Resources */ = {
			isa = PBXResourcesBuildPhase;
			buildActionMask = 2147483647;
			files = (
			);
			runOnlyForDeploymentPostprocessing = 0;
		};
		5228401C29BEB60E00756001 /* Resources */ = {
			isa = PBXResourcesBuildPhase;
			buildActionMask = 2147483647;
			files = (
			);
			runOnlyForDeploymentPostprocessing = 0;
		};
/* End PBXResourcesBuildPhase section */

/* Begin PBXSourcesBuildPhase section */
		52283FFA29BEB60900756001 /* Sources */ = {
			isa = PBXSourcesBuildPhase;
			buildActionMask = 2147483647;
			files = (
				5228400629BEB60900756001 /* CityListViewController.swift in Sources */,
				5228400229BEB60900756001 /* AppDelegate.swift in Sources */,
				522840E729BF252C00756001 /* City.swift in Sources */,
				522840EB29BF2A0A00756001 /* Variables.swift in Sources */,
				522840E529BF251100756001 /* CityListViewModel.swift in Sources */,
				527DAC8B29BF5F32000A36B1 /* Extensions.swift in Sources */,
				5228408229BEB85800756001 /* SceneDelegate.swift in Sources */,
				522840E129BF1CF000756001 /* Contsants.swift in Sources */,
				522840ED29BF2C1000756001 /* CityCollectionViewCell.swift in Sources */,
				522840E929BF263D00756001 /* Weather.swift in Sources */,
			);
			runOnlyForDeploymentPostprocessing = 0;
		};
		5228401029BEB60D00756001 /* Sources */ = {
			isa = PBXSourcesBuildPhase;
			buildActionMask = 2147483647;
			files = (
				5228401929BEB60D00756001 /* OpenWeatherTests.swift in Sources */,
			);
			runOnlyForDeploymentPostprocessing = 0;
		};
		5228401A29BEB60E00756001 /* Sources */ = {
			isa = PBXSourcesBuildPhase;
			buildActionMask = 2147483647;
			files = (
				5228402329BEB60E00756001 /* OpenWeatherUITests.swift in Sources */,
				5228402529BEB60E00756001 /* OpenWeatherUITestsLaunchTests.swift in Sources */,
			);
			runOnlyForDeploymentPostprocessing = 0;
		};
/* End PBXSourcesBuildPhase section */

/* Begin PBXTargetDependency section */
		5228401629BEB60D00756001 /* PBXTargetDependency */ = {
			isa = PBXTargetDependency;
			target = 52283FFD29BEB60900756001 /* OpenWeather */;
			targetProxy = 5228401529BEB60D00756001 /* PBXContainerItemProxy */;
		};
		5228402029BEB60E00756001 /* PBXTargetDependency */ = {
			isa = PBXTargetDependency;
			target = 52283FFD29BEB60900756001 /* OpenWeather */;
			targetProxy = 5228401F29BEB60E00756001 /* PBXContainerItemProxy */;
		};
/* End PBXTargetDependency section */

/* Begin PBXVariantGroup section */
		5228400729BEB60900756001 /* Main.storyboard */ = {
			isa = PBXVariantGroup;
			children = (
				5228400829BEB60900756001 /* Base */,
			);
			name = Main.storyboard;
			sourceTree = "<group>";
		};
		5228400C29BEB60D00756001 /* LaunchScreen.storyboard */ = {
			isa = PBXVariantGroup;
			children = (
				5228400D29BEB60D00756001 /* Base */,
			);
			name = LaunchScreen.storyboard;
			sourceTree = "<group>";
		};
/* End PBXVariantGroup section */

/* Begin XCBuildConfiguration section */
		5228402629BEB60E00756001 /* Debug */ = {
			isa = XCBuildConfiguration;
			buildSettings = {
				ALWAYS_SEARCH_USER_PATHS = NO;
				CLANG_ANALYZER_NONNULL = YES;
				CLANG_ANALYZER_NUMBER_OBJECT_CONVERSION = YES_AGGRESSIVE;
				CLANG_CXX_LANGUAGE_STANDARD = "gnu++20";
				CLANG_ENABLE_MODULES = YES;
				CLANG_ENABLE_OBJC_ARC = YES;
				CLANG_ENABLE_OBJC_WEAK = YES;
				CLANG_WARN_BLOCK_CAPTURE_AUTORELEASING = YES;
				CLANG_WARN_BOOL_CONVERSION = YES;
				CLANG_WARN_COMMA = YES;
				CLANG_WARN_CONSTANT_CONVERSION = YES;
				CLANG_WARN_DEPRECATED_OBJC_IMPLEMENTATIONS = YES;
				CLANG_WARN_DIRECT_OBJC_ISA_USAGE = YES_ERROR;
				CLANG_WARN_DOCUMENTATION_COMMENTS = YES;
				CLANG_WARN_EMPTY_BODY = YES;
				CLANG_WARN_ENUM_CONVERSION = YES;
				CLANG_WARN_INFINITE_RECURSION = YES;
				CLANG_WARN_INT_CONVERSION = YES;
				CLANG_WARN_NON_LITERAL_NULL_CONVERSION = YES;
				CLANG_WARN_OBJC_IMPLICIT_RETAIN_SELF = YES;
				CLANG_WARN_OBJC_LITERAL_CONVERSION = YES;
				CLANG_WARN_OBJC_ROOT_CLASS = YES_ERROR;
				CLANG_WARN_QUOTED_INCLUDE_IN_FRAMEWORK_HEADER = YES;
				CLANG_WARN_RANGE_LOOP_ANALYSIS = YES;
				CLANG_WARN_STRICT_PROTOTYPES = YES;
				CLANG_WARN_SUSPICIOUS_MOVE = YES;
				CLANG_WARN_UNGUARDED_AVAILABILITY = YES_AGGRESSIVE;
				CLANG_WARN_UNREACHABLE_CODE = YES;
				CLANG_WARN__DUPLICATE_METHOD_MATCH = YES;
				COPY_PHASE_STRIP = NO;
				DEBUG_INFORMATION_FORMAT = dwarf;
				ENABLE_STRICT_OBJC_MSGSEND = YES;
				ENABLE_TESTABILITY = YES;
				GCC_C_LANGUAGE_STANDARD = gnu11;
				GCC_DYNAMIC_NO_PIC = NO;
				GCC_NO_COMMON_BLOCKS = YES;
				GCC_OPTIMIZATION_LEVEL = 0;
				GCC_PREPROCESSOR_DEFINITIONS = (
					"DEBUG=1",
					"$(inherited)",
				);
				GCC_WARN_64_TO_32_BIT_CONVERSION = YES;
				GCC_WARN_ABOUT_RETURN_TYPE = YES_ERROR;
				GCC_WARN_UNDECLARED_SELECTOR = YES;
				GCC_WARN_UNINITIALIZED_AUTOS = YES_AGGRESSIVE;
				GCC_WARN_UNUSED_FUNCTION = YES;
				GCC_WARN_UNUSED_VARIABLE = YES;
				IPHONEOS_DEPLOYMENT_TARGET = 16.2;
				MTL_ENABLE_DEBUG_INFO = INCLUDE_SOURCE;
				MTL_FAST_MATH = YES;
				ONLY_ACTIVE_ARCH = YES;
				SDKROOT = iphoneos;
				SWIFT_ACTIVE_COMPILATION_CONDITIONS = DEBUG;
				SWIFT_OPTIMIZATION_LEVEL = "-Onone";
			};
			name = Debug;
		};
		5228402729BEB60E00756001 /* Release */ = {
			isa = XCBuildConfiguration;
			buildSettings = {
				ALWAYS_SEARCH_USER_PATHS = NO;
				CLANG_ANALYZER_NONNULL = YES;
				CLANG_ANALYZER_NUMBER_OBJECT_CONVERSION = YES_AGGRESSIVE;
				CLANG_CXX_LANGUAGE_STANDARD = "gnu++20";
				CLANG_ENABLE_MODULES = YES;
				CLANG_ENABLE_OBJC_ARC = YES;
				CLANG_ENABLE_OBJC_WEAK = YES;
				CLANG_WARN_BLOCK_CAPTURE_AUTORELEASING = YES;
				CLANG_WARN_BOOL_CONVERSION = YES;
				CLANG_WARN_COMMA = YES;
				CLANG_WARN_CONSTANT_CONVERSION = YES;
				CLANG_WARN_DEPRECATED_OBJC_IMPLEMENTATIONS = YES;
				CLANG_WARN_DIRECT_OBJC_ISA_USAGE = YES_ERROR;
				CLANG_WARN_DOCUMENTATION_COMMENTS = YES;
				CLANG_WARN_EMPTY_BODY = YES;
				CLANG_WARN_ENUM_CONVERSION = YES;
				CLANG_WARN_INFINITE_RECURSION = YES;
				CLANG_WARN_INT_CONVERSION = YES;
				CLANG_WARN_NON_LITERAL_NULL_CONVERSION = YES;
				CLANG_WARN_OBJC_IMPLICIT_RETAIN_SELF = YES;
				CLANG_WARN_OBJC_LITERAL_CONVERSION = YES;
				CLANG_WARN_OBJC_ROOT_CLASS = YES_ERROR;
				CLANG_WARN_QUOTED_INCLUDE_IN_FRAMEWORK_HEADER = YES;
				CLANG_WARN_RANGE_LOOP_ANALYSIS = YES;
				CLANG_WARN_STRICT_PROTOTYPES = YES;
				CLANG_WARN_SUSPICIOUS_MOVE = YES;
				CLANG_WARN_UNGUARDED_AVAILABILITY = YES_AGGRESSIVE;
				CLANG_WARN_UNREACHABLE_CODE = YES;
				CLANG_WARN__DUPLICATE_METHOD_MATCH = YES;
				COPY_PHASE_STRIP = NO;
				DEBUG_INFORMATION_FORMAT = "dwarf-with-dsym";
				ENABLE_NS_ASSERTIONS = NO;
				ENABLE_STRICT_OBJC_MSGSEND = YES;
				GCC_C_LANGUAGE_STANDARD = gnu11;
				GCC_NO_COMMON_BLOCKS = YES;
				GCC_WARN_64_TO_32_BIT_CONVERSION = YES;
				GCC_WARN_ABOUT_RETURN_TYPE = YES_ERROR;
				GCC_WARN_UNDECLARED_SELECTOR = YES;
				GCC_WARN_UNINITIALIZED_AUTOS = YES_AGGRESSIVE;
				GCC_WARN_UNUSED_FUNCTION = YES;
				GCC_WARN_UNUSED_VARIABLE = YES;
				IPHONEOS_DEPLOYMENT_TARGET = 16.2;
				MTL_ENABLE_DEBUG_INFO = NO;
				MTL_FAST_MATH = YES;
				SDKROOT = iphoneos;
				SWIFT_COMPILATION_MODE = wholemodule;
				SWIFT_OPTIMIZATION_LEVEL = "-O";
				VALIDATE_PRODUCT = YES;
			};
			name = Release;
		};
		5228402929BEB60E00756001 /* Debug */ = {
			isa = XCBuildConfiguration;
			buildSettings = {
				ASSETCATALOG_COMPILER_APPICON_NAME = AppIcon;
				ASSETCATALOG_COMPILER_GLOBAL_ACCENT_COLOR_NAME = AccentColor;
				CODE_SIGN_STYLE = Automatic;
				CURRENT_PROJECT_VERSION = 1;
				DEVELOPMENT_TEAM = KDU78Q85UY;
				GENERATE_INFOPLIST_FILE = YES;
				INFOPLIST_FILE = OpenWeather/Info.plist;
				INFOPLIST_KEY_CFBundleDisplayName = "Open Weather";
				INFOPLIST_KEY_LSApplicationCategoryType = "public.app-category.weather";
				INFOPLIST_KEY_UIApplicationSupportsIndirectInputEvents = YES;
				INFOPLIST_KEY_UILaunchStoryboardName = LaunchScreen.storyboard;
				INFOPLIST_KEY_UIMainStoryboardFile = Main;
				INFOPLIST_KEY_UIRequiresFullScreen = YES;
				INFOPLIST_KEY_UISupportedInterfaceOrientations = UIInterfaceOrientationPortrait;
				INFOPLIST_KEY_UISupportedInterfaceOrientations_iPad = "UIInterfaceOrientationPortrait UIInterfaceOrientationPortraitUpsideDown";
				IPHONEOS_DEPLOYMENT_TARGET = 11.0;
				LD_RUNPATH_SEARCH_PATHS = (
					"$(inherited)",
					"@executable_path/Frameworks",
				);
				MARKETING_VERSION = 1.0;
				PRODUCT_BUNDLE_IDENTIFIER = com.achrafbt.OpenWeather;
				PRODUCT_NAME = "$(TARGET_NAME)";
				SWIFT_EMIT_LOC_STRINGS = YES;
				SWIFT_VERSION = 5.0;
				TARGETED_DEVICE_FAMILY = "1,2";
			};
			name = Debug;
		};
		5228402A29BEB60E00756001 /* Release */ = {
			isa = XCBuildConfiguration;
			buildSettings = {
				ASSETCATALOG_COMPILER_APPICON_NAME = AppIcon;
				ASSETCATALOG_COMPILER_GLOBAL_ACCENT_COLOR_NAME = AccentColor;
				CODE_SIGN_STYLE = Automatic;
				CURRENT_PROJECT_VERSION = 1;
				DEVELOPMENT_TEAM = KDU78Q85UY;
				GENERATE_INFOPLIST_FILE = YES;
				INFOPLIST_FILE = OpenWeather/Info.plist;
				INFOPLIST_KEY_CFBundleDisplayName = "Open Weather";
				INFOPLIST_KEY_LSApplicationCategoryType = "public.app-category.weather";
				INFOPLIST_KEY_UIApplicationSupportsIndirectInputEvents = YES;
				INFOPLIST_KEY_UILaunchStoryboardName = LaunchScreen.storyboard;
				INFOPLIST_KEY_UIMainStoryboardFile = Main;
				INFOPLIST_KEY_UIRequiresFullScreen = YES;
				INFOPLIST_KEY_UISupportedInterfaceOrientations = UIInterfaceOrientationPortrait;
				INFOPLIST_KEY_UISupportedInterfaceOrientations_iPad = "UIInterfaceOrientationPortrait UIInterfaceOrientationPortraitUpsideDown";
				IPHONEOS_DEPLOYMENT_TARGET = 11.0;
				LD_RUNPATH_SEARCH_PATHS = (
					"$(inherited)",
					"@executable_path/Frameworks",
				);
				MARKETING_VERSION = 1.0;
				PRODUCT_BUNDLE_IDENTIFIER = com.achrafbt.OpenWeather;
				PRODUCT_NAME = "$(TARGET_NAME)";
				SWIFT_EMIT_LOC_STRINGS = YES;
				SWIFT_VERSION = 5.0;
				TARGETED_DEVICE_FAMILY = "1,2";
			};
			name = Release;
		};
		5228402C29BEB60E00756001 /* Debug */ = {
			isa = XCBuildConfiguration;
			buildSettings = {
				ALWAYS_EMBED_SWIFT_STANDARD_LIBRARIES = YES;
				BUNDLE_LOADER = "$(TEST_HOST)";
				CODE_SIGN_STYLE = Automatic;
				CURRENT_PROJECT_VERSION = 1;
				DEVELOPMENT_TEAM = KDU78Q85UY;
				GENERATE_INFOPLIST_FILE = YES;
				IPHONEOS_DEPLOYMENT_TARGET = 16.2;
				MARKETING_VERSION = 1.0;
				PRODUCT_BUNDLE_IDENTIFIER = com.achrafbt.OpenWeatherTests;
				PRODUCT_NAME = "$(TARGET_NAME)";
				SWIFT_EMIT_LOC_STRINGS = NO;
				SWIFT_VERSION = 5.0;
				TARGETED_DEVICE_FAMILY = "1,2";
				TEST_HOST = "$(BUILT_PRODUCTS_DIR)/OpenWeather.app/$(BUNDLE_EXECUTABLE_FOLDER_PATH)/OpenWeather";
			};
			name = Debug;
		};
		5228402D29BEB60E00756001 /* Release */ = {
			isa = XCBuildConfiguration;
			buildSettings = {
				ALWAYS_EMBED_SWIFT_STANDARD_LIBRARIES = YES;
				BUNDLE_LOADER = "$(TEST_HOST)";
				CODE_SIGN_STYLE = Automatic;
				CURRENT_PROJECT_VERSION = 1;
				DEVELOPMENT_TEAM = KDU78Q85UY;
				GENERATE_INFOPLIST_FILE = YES;
				IPHONEOS_DEPLOYMENT_TARGET = 16.2;
				MARKETING_VERSION = 1.0;
				PRODUCT_BUNDLE_IDENTIFIER = com.achrafbt.OpenWeatherTests;
				PRODUCT_NAME = "$(TARGET_NAME)";
				SWIFT_EMIT_LOC_STRINGS = NO;
				SWIFT_VERSION = 5.0;
				TARGETED_DEVICE_FAMILY = "1,2";
				TEST_HOST = "$(BUILT_PRODUCTS_DIR)/OpenWeather.app/$(BUNDLE_EXECUTABLE_FOLDER_PATH)/OpenWeather";
			};
			name = Release;
		};
		5228402F29BEB60E00756001 /* Debug */ = {
			isa = XCBuildConfiguration;
			buildSettings = {
				ALWAYS_EMBED_SWIFT_STANDARD_LIBRARIES = YES;
				CODE_SIGN_STYLE = Automatic;
				CURRENT_PROJECT_VERSION = 1;
				DEVELOPMENT_TEAM = KDU78Q85UY;
				GENERATE_INFOPLIST_FILE = YES;
				MARKETING_VERSION = 1.0;
				PRODUCT_BUNDLE_IDENTIFIER = com.achrafbt.OpenWeatherUITests;
				PRODUCT_NAME = "$(TARGET_NAME)";
				SWIFT_EMIT_LOC_STRINGS = NO;
				SWIFT_VERSION = 5.0;
				TARGETED_DEVICE_FAMILY = "1,2";
				TEST_TARGET_NAME = OpenWeather;
			};
			name = Debug;
		};
		5228403029BEB60E00756001 /* Release */ = {
			isa = XCBuildConfiguration;
			buildSettings = {
				ALWAYS_EMBED_SWIFT_STANDARD_LIBRARIES = YES;
				CODE_SIGN_STYLE = Automatic;
				CURRENT_PROJECT_VERSION = 1;
				DEVELOPMENT_TEAM = KDU78Q85UY;
				GENERATE_INFOPLIST_FILE = YES;
				MARKETING_VERSION = 1.0;
				PRODUCT_BUNDLE_IDENTIFIER = com.achrafbt.OpenWeatherUITests;
				PRODUCT_NAME = "$(TARGET_NAME)";
				SWIFT_EMIT_LOC_STRINGS = NO;
				SWIFT_VERSION = 5.0;
				TARGETED_DEVICE_FAMILY = "1,2";
				TEST_TARGET_NAME = OpenWeather;
			};
			name = Release;
		};
/* End XCBuildConfiguration section */

/* Begin XCConfigurationList section */
		52283FF929BEB60900756001 /* Build configuration list for PBXProject "OpenWeather" */ = {
			isa = XCConfigurationList;
			buildConfigurations = (
				5228402629BEB60E00756001 /* Debug */,
				5228402729BEB60E00756001 /* Release */,
			);
			defaultConfigurationIsVisible = 0;
			defaultConfigurationName = Release;
		};
		5228402829BEB60E00756001 /* Build configuration list for PBXNativeTarget "OpenWeather" */ = {
			isa = XCConfigurationList;
			buildConfigurations = (
				5228402929BEB60E00756001 /* Debug */,
				5228402A29BEB60E00756001 /* Release */,
			);
			defaultConfigurationIsVisible = 0;
			defaultConfigurationName = Release;
		};
		5228402B29BEB60E00756001 /* Build configuration list for PBXNativeTarget "OpenWeatherTests" */ = {
			isa = XCConfigurationList;
			buildConfigurations = (
				5228402C29BEB60E00756001 /* Debug */,
				5228402D29BEB60E00756001 /* Release */,
			);
			defaultConfigurationIsVisible = 0;
			defaultConfigurationName = Release;
		};
		5228402E29BEB60E00756001 /* Build configuration list for PBXNativeTarget "OpenWeatherUITests" */ = {
			isa = XCConfigurationList;
			buildConfigurations = (
				5228402F29BEB60E00756001 /* Debug */,
				5228403029BEB60E00756001 /* Release */,
			);
			defaultConfigurationIsVisible = 0;
			defaultConfigurationName = Release;
		};
/* End XCConfigurationList section */
	};
	rootObject = 52283FF629BEB60900756001 /* Project object */;
}
